
Microsoft Visual Studio Solution File, Format Version 12.00
# Visual Studio Version 17
VisualStudioVersion = 17.14.36310.24 d17.14
MinimumVisualStudioVersion = 10.0.40219.1
Project("{FAE04EC0-301F-11D3-BF4B-00C04F79EFBC}") = "Trackify.SubscriptionTracker.API", "Trackify.SubscriptionTracker.API\Trackify.SubscriptionTracker.API.csproj", "{2F6E1348-9294-4752-987F-48B3BEA73E52}"
EndProject
Project("{FAE04EC0-301F-11D3-BF4B-00C04F79EFBC}") = "Trackify.SubscriptionTracker.Domain", "Trackify.SubscriptionTracker.Domain\Trackify.SubscriptionTracker.Domain.csproj", "{D8390925-23F6-4EE3-92F7-536B4D450994}"
EndProject
Project("{FAE04EC0-301F-11D3-BF4B-00C04F79EFBC}") = "Trackify.SubscriptionTracker.Application", "Trackify.SubscriptionTracker.Application\Trackify.SubscriptionTracker.Application.csproj", "{218D2E5D-BF2C-4FEA-B730-3BF86856AF0E}"
EndProject
Project("{FAE04EC0-301F-11D3-BF4B-00C04F79EFBC}") = "Trackify.SubscriptionTracker.Infrastructure", "Trackify.SubscriptionTracker.Infrastructure\Trackify.SubscriptionTracker.Infrastructure.csproj", "{F5F0CB06-D259-4288-B329-A9F119ABEF72}"
EndProject
Global
	GlobalSection(SolutionConfigurationPlatforms) = preSolution
		Debug|Any CPU = Debug|Any CPU
		Release|Any CPU = Release|Any CPU
	EndGlobalSection
	GlobalSection(ProjectConfigurationPlatforms) = postSolution
		{2F6E1348-9294-4752-987F-48B3BEA73E52}.Debug|Any CPU.ActiveCfg = Debug|Any CPU
		{2F6E1348-9294-4752-987F-48B3BEA73E52}.Debug|Any CPU.Build.0 = Debug|Any CPU
		{2F6E1348-9294-4752-987F-48B3BEA73E52}.Release|Any CPU.ActiveCfg = Release|Any CPU
		{2F6E1348-9294-4752-987F-48B3BEA73E52}.Release|Any CPU.Build.0 = Release|Any CPU
		{D8390925-23F6-4EE3-92F7-536B4D450994}.Debug|Any CPU.ActiveCfg = Debug|Any CPU
		{D8390925-23F6-4EE3-92F7-536B4D450994}.Debug|Any CPU.Build.0 = Debug|Any CPU
		{D8390925-23F6-4EE3-92F7-536B4D450994}.Release|Any CPU.ActiveCfg = Release|Any CPU
		{D8390925-23F6-4EE3-92F7-536B4D450994}.Release|Any CPU.Build.0 = Release|Any CPU
		{218D2E5D-BF2C-4FEA-B730-3BF86856AF0E}.Debug|Any CPU.ActiveCfg = Debug|Any CPU
		{218D2E5D-BF2C-4FEA-B730-3BF86856AF0E}.Debug|Any CPU.Build.0 = Debug|Any CPU
		{218D2E5D-BF2C-4FEA-B730-3BF86856AF0E}.Release|Any CPU.ActiveCfg = Release|Any CPU
		{218D2E5D-BF2C-4FEA-B730-3BF86856AF0E}.Release|Any CPU.Build.0 = Release|Any CPU
		{F5F0CB06-D259-4288-B329-A9F119ABEF72}.Debug|Any CPU.ActiveCfg = Debug|Any CPU
		{F5F0CB06-D259-4288-B329-A9F119ABEF72}.Debug|Any CPU.Build.0 = Debug|Any CPU
		{F5F0CB06-D259-4288-B329-A9F119ABEF72}.Release|Any CPU.ActiveCfg = Release|Any CPU
		{F5F0CB06-D259-4288-B329-A9F119ABEF72}.Release|Any CPU.Build.0 = Release|Any CPU
	EndGlobalSection
	GlobalSection(SolutionProperties) = preSolution
		HideSolutionNode = FALSE
	EndGlobalSection
	GlobalSection(ExtensibilityGlobals) = postSolution
		SolutionGuid = {61E425B6-580B-48AC-9E7F-8A564B3E0805}
	EndGlobalSection
EndGlobal
